
Microsoft Visual Studio Solution File, Format Version 12.00
# Visual Studio Version 17
VisualStudioVersion = 17.14.37314.3 d17.14
MinimumVisualStudioVersion = 10.0.40219.1
Project("{FAE04EC0-301F-11D3-BF4B-00C04F79EFBC}") = "DataStructuresLibrary", "DataStructuresLibrary\DataStructuresLibrary.csproj", "{C3BCDDF2-4E9C-497F-A404-7FB3E598140D}"
EndProject
Project("{FAE04EC0-301F-11D3-BF4B-00C04F79EFBC}") = "ECommerceSystem.ConsoleApp", "ECommerceSystem.ConsoleApp\ECommerceSystem.ConsoleApp.csproj", "{50433D00-478A-451A-9E06-33E0975691C8}"
EndProject
Project("{FAE04EC0-301F-11D3-BF4B-00C04F79EFBC}") = "ECommerceSystem.Tests", "ECommerceSystem.Tests\ECommerceSystem.Tests.csproj", "{3B5BDFA8-F7E2-4E09-9E26-4202B5C3E4DD}"
EndProject
Global
	GlobalSection(SolutionConfigurationPlatforms) = preSolution
		Debug|Any CPU = Debug|Any CPU
		Release|Any CPU = Release|Any CPU
	EndGlobalSection
	GlobalSection(ProjectConfigurationPlatforms) = postSolution
		{C3BCDDF2-4E9C-497F-A404-7FB3E598140D}.Debug|Any CPU.ActiveCfg = Debug|Any CPU
		{C3BCDDF2-4E9C-497F-A404-7FB3E598140D}.Debug|Any CPU.Build.0 = Debug|Any CPU
		{C3BCDDF2-4E9C-497F-A404-7FB3E598140D}.Release|Any CPU.ActiveCfg = Release|Any CPU
		{C3BCDDF2-4E9C-497F-A404-7FB3E598140D}.Release|Any CPU.Build.0 = Release|Any CPU
		{50433D00-478A-451A-9E06-33E0975691C8}.Debug|Any CPU.ActiveCfg = Debug|Any CPU
		{50433D00-478A-451A-9E06-33E0975691C8}.Debug|Any CPU.Build.0 = Debug|Any CPU
		{50433D00-478A-451A-9E06-33E0975691C8}.Release|Any CPU.ActiveCfg = Release|Any CPU
		{50433D00-478A-451A-9E06-33E0975691C8}.Release|Any CPU.Build.0 = Release|Any CPU
		{3B5BDFA8-F7E2-4E09-9E26-4202B5C3E4DD}.Debug|Any CPU.ActiveCfg = Debug|Any CPU
		{3B5BDFA8-F7E2-4E09-9E26-4202B5C3E4DD}.Debug|Any CPU.Build.0 = Debug|Any CPU
		{3B5BDFA8-F7E2-4E09-9E26-4202B5C3E4DD}.Release|Any CPU.ActiveCfg = Release|Any CPU
		{3B5BDFA8-F7E2-4E09-9E26-4202B5C3E4DD}.Release|Any CPU.Build.0 = Release|Any CPU
	EndGlobalSection
	GlobalSection(SolutionProperties) = preSolution
		HideSolutionNode = FALSE
	EndGlobalSection
	GlobalSection(ExtensibilityGlobals) = postSolution
		SolutionGuid = {C012A7F1-E91E-4823-B7E1-EA2989D5D066}
	EndGlobalSection
EndGlobal
