
Microsoft Visual Studio Solution File, Format Version 12.00
# Visual Studio Version 17
VisualStudioVersion = 17.0.31903.59
MinimumVisualStudioVersion = 10.0.40219.1
Project("{FAE04EC0-301F-11D3-BF4B-00C04F79EFBC}") = "DataStructuresLibrary", "DataStructuresLibrary\DataStructuresLibrary.csproj", "{CBD3938B-B551-4BC8-BF2F-2A23345A8D7B}"
EndProject
Project("{FAE04EC0-301F-11D3-BF4B-00C04F79EFBC}") = "EnrollmentSystem.Core", "EnrollmentSystem.Core\EnrollmentSystem.Core.csproj", "{F5EBBA06-6139-4F95-B8E2-9BD729B968BF}"
EndProject
Project("{FAE04EC0-301F-11D3-BF4B-00C04F79EFBC}") = "EnrollmentSystem.ConsoleApp", "EnrollmentSystem.ConsoleApp\EnrollmentSystem.ConsoleApp.csproj", "{3921FBD2-6581-486A-9836-5D1A96BA1A82}"
EndProject
Project("{FAE04EC0-301F-11D3-BF4B-00C04F79EFBC}") = "DataStructuresLibrary.Tests", "DataStructuresLibrary.Tests\DataStructuresLibrary.Tests.csproj", "{B89F3A9C-B128-46CE-A721-6135CEB9EF39}"
EndProject
Project("{FAE04EC0-301F-11D3-BF4B-00C04F79EFBC}") = "EnrollmentSystem.Tests", "EnrollmentSystem.Tests\EnrollmentSystem.Tests.csproj", "{A560EBD6-059E-421C-ADCD-E2415CF6DB0E}"
EndProject
Global
	GlobalSection(SolutionConfigurationPlatforms) = preSolution
		Debug|Any CPU = Debug|Any CPU
		Debug|x64 = Debug|x64
		Debug|x86 = Debug|x86
		Release|Any CPU = Release|Any CPU
		Release|x64 = Release|x64
		Release|x86 = Release|x86
	EndGlobalSection
	GlobalSection(ProjectConfigurationPlatforms) = postSolution
		{CBD3938B-B551-4BC8-BF2F-2A23345A8D7B}.Debug|Any CPU.ActiveCfg = Debug|Any CPU
		{CBD3938B-B551-4BC8-BF2F-2A23345A8D7B}.Debug|Any CPU.Build.0 = Debug|Any CPU
		{CBD3938B-B551-4BC8-BF2F-2A23345A8D7B}.Debug|x64.ActiveCfg = Debug|Any CPU
		{CBD3938B-B551-4BC8-BF2F-2A23345A8D7B}.Debug|x64.Build.0 = Debug|Any CPU
		{CBD3938B-B551-4BC8-BF2F-2A23345A8D7B}.Debug|x86.ActiveCfg = Debug|Any CPU
		{CBD3938B-B551-4BC8-BF2F-2A23345A8D7B}.Debug|x86.Build.0 = Debug|Any CPU
		{CBD3938B-B551-4BC8-BF2F-2A23345A8D7B}.Release|Any CPU.ActiveCfg = Release|Any CPU
		{CBD3938B-B551-4BC8-BF2F-2A23345A8D7B}.Release|Any CPU.Build.0 = Release|Any CPU
		{CBD3938B-B551-4BC8-BF2F-2A23345A8D7B}.Release|x64.ActiveCfg = Release|Any CPU
		{CBD3938B-B551-4BC8-BF2F-2A23345A8D7B}.Release|x64.Build.0 = Release|Any CPU
		{CBD3938B-B551-4BC8-BF2F-2A23345A8D7B}.Release|x86.ActiveCfg = Release|Any CPU
		{CBD3938B-B551-4BC8-BF2F-2A23345A8D7B}.Release|x86.Build.0 = Release|Any CPU
		{F5EBBA06-6139-4F95-B8E2-9BD729B968BF}.Debug|Any CPU.ActiveCfg = Debug|Any CPU
		{F5EBBA06-6139-4F95-B8E2-9BD729B968BF}.Debug|Any CPU.Build.0 = Debug|Any CPU
		{F5EBBA06-6139-4F95-B8E2-9BD729B968BF}.Debug|x64.ActiveCfg = Debug|Any CPU
		{F5EBBA06-6139-4F95-B8E2-9BD729B968BF}.Debug|x64.Build.0 = Debug|Any CPU
		{F5EBBA06-6139-4F95-B8E2-9BD729B968BF}.Debug|x86.ActiveCfg = Debug|Any CPU
		{F5EBBA06-6139-4F95-B8E2-9BD729B968BF}.Debug|x86.Build.0 = Debug|Any CPU
		{F5EBBA06-6139-4F95-B8E2-9BD729B968BF}.Release|Any CPU.ActiveCfg = Release|Any CPU
		{F5EBBA06-6139-4F95-B8E2-9BD729B968BF}.Release|Any CPU.Build.0 = Release|Any CPU
		{F5EBBA06-6139-4F95-B8E2-9BD729B968BF}.Release|x64.ActiveCfg = Release|Any CPU
		{F5EBBA06-6139-4F95-B8E2-9BD729B968BF}.Release|x64.Build.0 = Release|Any CPU
		{F5EBBA06-6139-4F95-B8E2-9BD729B968BF}.Release|x86.ActiveCfg = Release|Any CPU
		{F5EBBA06-6139-4F95-B8E2-9BD729B968BF}.Release|x86.Build.0 = Release|Any CPU
		{3921FBD2-6581-486A-9836-5D1A96BA1A82}.Debug|Any CPU.ActiveCfg = Debug|Any CPU
		{3921FBD2-6581-486A-9836-5D1A96BA1A82}.Debug|Any CPU.Build.0 = Debug|Any CPU
		{3921FBD2-6581-486A-9836-5D1A96BA1A82}.Debug|x64.ActiveCfg = Debug|Any CPU
		{3921FBD2-6581-486A-9836-5D1A96BA1A82}.Debug|x64.Build.0 = Debug|Any CPU
		{3921FBD2-6581-486A-9836-5D1A96BA1A82}.Debug|x86.ActiveCfg = Debug|Any CPU
		{3921FBD2-6581-486A-9836-5D1A96BA1A82}.Debug|x86.Build.0 = Debug|Any CPU
		{3921FBD2-6581-486A-9836-5D1A96BA1A82}.Release|Any CPU.ActiveCfg = Release|Any CPU
		{3921FBD2-6581-486A-9836-5D1A96BA1A82}.Release|Any CPU.Build.0 = Release|Any CPU
		{3921FBD2-6581-486A-9836-5D1A96BA1A82}.Release|x64.ActiveCfg = Release|Any CPU
		{3921FBD2-6581-486A-9836-5D1A96BA1A82}.Release|x64.Build.0 = Release|Any CPU
		{3921FBD2-6581-486A-9836-5D1A96BA1A82}.Release|x86.ActiveCfg = Release|Any CPU
		{3921FBD2-6581-486A-9836-5D1A96BA1A82}.Release|x86.Build.0 = Release|Any CPU
		{B89F3A9C-B128-46CE-A721-6135CEB9EF39}.Debug|Any CPU.ActiveCfg = Debug|Any CPU
		{B89F3A9C-B128-46CE-A721-6135CEB9EF39}.Debug|Any CPU.Build.0 = Debug|Any CPU
		{B89F3A9C-B128-46CE-A721-6135CEB9EF39}.Debug|x64.ActiveCfg = Debug|Any CPU
		{B89F3A9C-B128-46CE-A721-6135CEB9EF39}.Debug|x64.Build.0 = Debug|Any CPU
		{B89F3A9C-B128-46CE-A721-6135CEB9EF39}.Debug|x86.ActiveCfg = Debug|Any CPU
		{B89F3A9C-B128-46CE-A721-6135CEB9EF39}.Debug|x86.Build.0 = Debug|Any CPU
		{B89F3A9C-B128-46CE-A721-6135CEB9EF39}.Release|Any CPU.ActiveCfg = Release|Any CPU
		{B89F3A9C-B128-46CE-A721-6135CEB9EF39}.Release|Any CPU.Build.0 = Release|Any CPU
		{B89F3A9C-B128-46CE-A721-6135CEB9EF39}.Release|x64.ActiveCfg = Release|Any CPU
		{B89F3A9C-B128-46CE-A721-6135CEB9EF39}.Release|x64.Build.0 = Release|Any CPU
		{B89F3A9C-B128-46CE-A721-6135CEB9EF39}.Release|x86.ActiveCfg = Release|Any CPU
		{B89F3A9C-B128-46CE-A721-6135CEB9EF39}.Release|x86.Build.0 = Release|Any CPU
		{A560EBD6-059E-421C-ADCD-E2415CF6DB0E}.Debug|Any CPU.ActiveCfg = Debug|Any CPU
		{A560EBD6-059E-421C-ADCD-E2415CF6DB0E}.Debug|Any CPU.Build.0 = Debug|Any CPU
		{A560EBD6-059E-421C-ADCD-E2415CF6DB0E}.Debug|x64.ActiveCfg = Debug|Any CPU
		{A560EBD6-059E-421C-ADCD-E2415CF6DB0E}.Debug|x64.Build.0 = Debug|Any CPU
		{A560EBD6-059E-421C-ADCD-E2415CF6DB0E}.Debug|x86.ActiveCfg = Debug|Any CPU
		{A560EBD6-059E-421C-ADCD-E2415CF6DB0E}.Debug|x86.Build.0 = Debug|Any CPU
		{A560EBD6-059E-421C-ADCD-E2415CF6DB0E}.Release|Any CPU.ActiveCfg = Release|Any CPU
		{A560EBD6-059E-421C-ADCD-E2415CF6DB0E}.Release|Any CPU.Build.0 = Release|Any CPU
		{A560EBD6-059E-421C-ADCD-E2415CF6DB0E}.Release|x64.ActiveCfg = Release|Any CPU
		{A560EBD6-059E-421C-ADCD-E2415CF6DB0E}.Release|x64.Build.0 = Release|Any CPU
		{A560EBD6-059E-421C-ADCD-E2415CF6DB0E}.Release|x86.ActiveCfg = Release|Any CPU
		{A560EBD6-059E-421C-ADCD-E2415CF6DB0E}.Release|x86.Build.0 = Release|Any CPU
	EndGlobalSection
	GlobalSection(SolutionProperties) = preSolution
		HideSolutionNode = FALSE
	EndGlobalSection
	GlobalSection(ExtensibilityGlobals) = postSolution
		SolutionGuid = {9AA05E0A-2231-4330-A103-B1E1DB0AAAC6}
	EndGlobalSection
EndGlobal
